{
  "name": "hl7_message_parse-server",
  "version": "1.0.0",
  "lockfileVersion": 2,
  "requires": true,
  "packages": {
    "": {
      "name": "hl7_message_parse-server",
      "version": "1.0.0",
      "license": "ISC",
      "dependencies": {
        "mllp-node": "^2.0.0"
      }
    },
    "node_modules/hl7": {
      "version": "1.1.1",
      "resolved": "https://registry.npmjs.org/hl7/-/hl7-1.1.1.tgz",
      "integrity": "sha512-wl5QH3vXKiZ6KYzD1qnPQq2/akDgD3vDkqemx2i2+8sY8al0CUAY8Q4ve9E4GI/iC3XwunuHWcflZ6Jj8TIJgA==",
      "engines": {
        "node": "0.10.x"
      }
    },
    "node_modules/mllp-node": {
      "version": "2.0.0",
      "resolved": "https://registry.npmjs.org/mllp-node/-/mllp-node-2.0.0.tgz",
      "integrity": "sha512-qcuHIICS1vbBgd5R7WVZqkl2o3zG9vPzEnS6OxnMHw2wK0j3yGudT7DU8EEIufLzDDNIgOgp4ciN87HZqYtTaw==",
      "dependencies": {
        "hl7": "1.x.x"
      },
      "engines": {
        "node": "8.x.x"
      }
    }
  },
  "dependencies": {
    "hl7": {
      "version": "1.1.1",
      "resolved": "https://registry.npmjs.org/hl7/-/hl7-1.1.1.tgz",
      "integrity": "sha512-wl5QH3vXKiZ6KYzD1qnPQq2/akDgD3vDkqemx2i2+8sY8al0CUAY8Q4ve9E4GI/iC3XwunuHWcflZ6Jj8TIJgA=="
    },
    "mllp-node": {
      "version": "2.0.0",
      "resolved": "https://registry.npmjs.org/mllp-node/-/mllp-node-2.0.0.tgz",
      "integrity": "sha512-qcuHIICS1vbBgd5R7WVZqkl2o3zG9vPzEnS6OxnMHw2wK0j3yGudT7DU8EEIufLzDDNIgOgp4ciN87HZqYtTaw==",
      "requires": {
        "hl7": "1.x.x"
      }
    }
  }
}
